
Microsoft Visual Studio Solution File, Format Version 12.00
# Visual Studio Version 17
VisualStudioVersion = 17.2.32519.379
MinimumVisualStudioVersion = 10.0.40219.1
Project("{9A19103F-16F7-4668-BE54-9A1E7A4F7556}") = "LMG.DAT", "LMG.DAT\LMG.DAT.csproj", "{34296939-BC8C-43BA-8D55-5BA0D0EFFAE3}"
EndProject
Project("{9A19103F-16F7-4668-BE54-9A1E7A4F7556}") = "LMG.API", "LMG.API\LMG.API.csproj", "{AE0EF7D0-A446-4AC2-9BF1-3848A567BF80}"
EndProject
Project("{9A19103F-16F7-4668-BE54-9A1E7A4F7556}") = "LMG.BLL", "LMG.BLL\LMG.BLL.csproj", "{C8F27033-CF63-432F-B7C6-E62CC04052ED}"
EndProject
Project("{FAE04EC0-301F-11D3-BF4B-00C04F79EFBC}") = "LMG.UnitTest", "LMG.UnitTest\LMG.UnitTest.csproj", "{BC7E8B04-7CD5-4EE9-94F4-42D8D754949D}"
EndProject
Global
	GlobalSection(SolutionConfigurationPlatforms) = preSolution
		Debug|Any CPU = Debug|Any CPU
		Release|Any CPU = Release|Any CPU
	EndGlobalSection
	GlobalSection(ProjectConfigurationPlatforms) = postSolution
		{34296939-BC8C-43BA-8D55-5BA0D0EFFAE3}.Debug|Any CPU.ActiveCfg = Debug|Any CPU
		{34296939-BC8C-43BA-8D55-5BA0D0EFFAE3}.Debug|Any CPU.Build.0 = Debug|Any CPU
		{34296939-BC8C-43BA-8D55-5BA0D0EFFAE3}.Release|Any CPU.ActiveCfg = Release|Any CPU
		{34296939-BC8C-43BA-8D55-5BA0D0EFFAE3}.Release|Any CPU.Build.0 = Release|Any CPU
		{AE0EF7D0-A446-4AC2-9BF1-3848A567BF80}.Debug|Any CPU.ActiveCfg = Debug|Any CPU
		{AE0EF7D0-A446-4AC2-9BF1-3848A567BF80}.Debug|Any CPU.Build.0 = Debug|Any CPU
		{AE0EF7D0-A446-4AC2-9BF1-3848A567BF80}.Release|Any CPU.ActiveCfg = Release|Any CPU
		{AE0EF7D0-A446-4AC2-9BF1-3848A567BF80}.Release|Any CPU.Build.0 = Release|Any CPU
		{C8F27033-CF63-432F-B7C6-E62CC04052ED}.Debug|Any CPU.ActiveCfg = Debug|Any CPU
		{C8F27033-CF63-432F-B7C6-E62CC04052ED}.Debug|Any CPU.Build.0 = Debug|Any CPU
		{C8F27033-CF63-432F-B7C6-E62CC04052ED}.Release|Any CPU.ActiveCfg = Release|Any CPU
		{C8F27033-CF63-432F-B7C6-E62CC04052ED}.Release|Any CPU.Build.0 = Release|Any CPU
		{BC7E8B04-7CD5-4EE9-94F4-42D8D754949D}.Debug|Any CPU.ActiveCfg = Debug|Any CPU
		{BC7E8B04-7CD5-4EE9-94F4-42D8D754949D}.Debug|Any CPU.Build.0 = Debug|Any CPU
		{BC7E8B04-7CD5-4EE9-94F4-42D8D754949D}.Release|Any CPU.ActiveCfg = Release|Any CPU
		{BC7E8B04-7CD5-4EE9-94F4-42D8D754949D}.Release|Any CPU.Build.0 = Release|Any CPU
	EndGlobalSection
	GlobalSection(SolutionProperties) = preSolution
		HideSolutionNode = FALSE
	EndGlobalSection
	GlobalSection(ExtensibilityGlobals) = postSolution
		SolutionGuid = {E4FF03D5-3236-4AB1-BD6B-064390B99643}
	EndGlobalSection
EndGlobal
