
Microsoft Visual Studio Solution File, Format Version 12.00
# Visual Studio Version 17
VisualStudioVersion = 17.2.32519.379
MinimumVisualStudioVersion = 10.0.40219.1
Project("{FAE04EC0-301F-11D3-BF4B-00C04F79EFBC}") = "LMG", "LMG\LMG.csproj", "{24B5A7DA-EC37-4C0F-8E62-A1A9C3B4681B}"
EndProject
Project("{FAE04EC0-301F-11D3-BF4B-00C04F79EFBC}") = "LMG.DAT", "LMG.DAT\LMG.DAT.csproj", "{34296939-BC8C-43BA-8D55-5BA0D0EFFAE3}"
EndProject
Global
	GlobalSection(SolutionConfigurationPlatforms) = preSolution
		Debug|Any CPU = Debug|Any CPU
		Release|Any CPU = Release|Any CPU
	EndGlobalSection
	GlobalSection(ProjectConfigurationPlatforms) = postSolution
		{24B5A7DA-EC37-4C0F-8E62-A1A9C3B4681B}.Debug|Any CPU.ActiveCfg = Debug|Any CPU
		{24B5A7DA-EC37-4C0F-8E62-A1A9C3B4681B}.Debug|Any CPU.Build.0 = Debug|Any CPU
		{24B5A7DA-EC37-4C0F-8E62-A1A9C3B4681B}.Release|Any CPU.ActiveCfg = Release|Any CPU
		{24B5A7DA-EC37-4C0F-8E62-A1A9C3B4681B}.Release|Any CPU.Build.0 = Release|Any CPU
		{34296939-BC8C-43BA-8D55-5BA0D0EFFAE3}.Debug|Any CPU.ActiveCfg = Debug|Any CPU
		{34296939-BC8C-43BA-8D55-5BA0D0EFFAE3}.Debug|Any CPU.Build.0 = Debug|Any CPU
		{34296939-BC8C-43BA-8D55-5BA0D0EFFAE3}.Release|Any CPU.ActiveCfg = Release|Any CPU
		{34296939-BC8C-43BA-8D55-5BA0D0EFFAE3}.Release|Any CPU.Build.0 = Release|Any CPU
	EndGlobalSection
	GlobalSection(SolutionProperties) = preSolution
		HideSolutionNode = FALSE
	EndGlobalSection
	GlobalSection(ExtensibilityGlobals) = postSolution
		SolutionGuid = {E4FF03D5-3236-4AB1-BD6B-064390B99643}
	EndGlobalSection
EndGlobal
